
Microsoft Visual Studio Solution File, Format Version 12.00
# Visual Studio Version 17
VisualStudioVersion = 17.4.33205.214
MinimumVisualStudioVersion = 10.0.40219.1
Project("{FAE04EC0-301F-11D3-BF4B-00C04F79EFBC}") = "LibraryMengament", "LibraryMengament\LibraryMengament.csproj", "{7A3410CE-01F4-4C38-9A95-D77E78DEAD24}"
EndProject
Global
	GlobalSection(SolutionConfigurationPlatforms) = preSolution
		Debug|Any CPU = Debug|Any CPU
		Release|Any CPU = Release|Any CPU
	EndGlobalSection
	GlobalSection(ProjectConfigurationPlatforms) = postSolution
		{7A3410CE-01F4-4C38-9A95-D77E78DEAD24}.Debug|Any CPU.ActiveCfg = Debug|Any CPU
		{7A3410CE-01F4-4C38-9A95-D77E78DEAD24}.Debug|Any CPU.Build.0 = Debug|Any CPU
		{7A3410CE-01F4-4C38-9A95-D77E78DEAD24}.Release|Any CPU.ActiveCfg = Release|Any CPU
		{7A3410CE-01F4-4C38-9A95-D77E78DEAD24}.Release|Any CPU.Build.0 = Release|Any CPU
	EndGlobalSection
	GlobalSection(SolutionProperties) = preSolution
		HideSolutionNode = FALSE
	EndGlobalSection
	GlobalSection(ExtensibilityGlobals) = postSolution
		SolutionGuid = {895377DD-167E-4D9C-B673-17C0B1047803}
	EndGlobalSection
EndGlobal
